// !$*UTF8*$!
{
	archiveVersion = 1;
	classes = {
	};
	objectVersion = 46;
	objects = {

/* Begin PBXBuildFile section */
		37EDC10E1EDCC2B600DCF22A /* AppDelegate.swift in Sources */ = {isa = PBXBuildFile; fileRef = 37EDC10D1EDCC2B600DCF22A /* AppDelegate.swift */; };
		37EDC1101EDCC2B600DCF22A /* ViewController.swift in Sources */ = {isa = PBXBuildFile; fileRef = 37EDC10F1EDCC2B600DCF22A /* ViewController.swift */; };
		37EDC1131EDCC2B600DCF22A /* Main.storyboard in Resources */ = {isa = PBXBuildFile; fileRef = 37EDC1111EDCC2B600DCF22A /* Main.storyboard */; };
		37EDC1151EDCC2B600DCF22A /* Assets.xcassets in Resources */ = {isa = PBXBuildFile; fileRef = 37EDC1141EDCC2B600DCF22A /* Assets.xcassets */; };
		37EDC1181EDCC2B600DCF22A /* LaunchScreen.storyboard in Resources */ = {isa = PBXBuildFile; fileRef = 37EDC1161EDCC2B600DCF22A /* LaunchScreen.storyboard */; };
		37EDC1201EDCC30500DCF22A /* pound-yen-euro-dollar.png in Resources */ = {isa = PBXBuildFile; fileRef = 37EDC11F1EDCC30500DCF22A /* pound-yen-euro-dollar.png */; };
/* End PBXBuildFile section */

/* Begin PBXFileReference section */
		37EDC10A1EDCC2B600DCF22A /* CurrencyConverter.app */ = {isa = PBXFileReference; explicitFileType = wrapper.application; includeInIndex = 0; path = CurrencyConverter.app; sourceTree = BUILT_PRODUCTS_DIR; };
		37EDC10D1EDCC2B600DCF22A /* AppDelegate.swift */ = {isa = PBXFileReference; lastKnownFileType = sourcecode.swift; path = AppDelegate.swift; sourceTree = "<group>"; };
		37EDC10F1EDCC2B600DCF22A /* ViewController.swift */ = {isa = PBXFileReference; lastKnownFileType = sourcecode.swift; path = ViewController.swift; sourceTree = "<group>"; };
		37EDC1121EDCC2B600DCF22A /* Base */ = {isa = PBXFileReference; lastKnownFileType = file.storyboard; name = Base; path = Base.lproj/Main.storyboard; sourceTree = "<group>"; };
		37EDC1141EDCC2B600DCF22A /* Assets.xcassets */ = {isa = PBXFileReference; lastKnownFileType = folder.assetcatalog; path = Assets.xcassets; sourceTree = "<group>"; };
		37EDC1171EDCC2B600DCF22A /* Base */ = {isa = PBXFileReference; lastKnownFileType = file.storyboard; name = Base; path = Base.lproj/LaunchScreen.storyboard; sourceTree = "<group>"; };
		37EDC1191EDCC2B600DCF22A /* Info.plist */ = {isa = PBXFileReference; lastKnownFileType = text.plist.xml; path = Info.plist; sourceTree = "<group>"; };
		37EDC11F1EDCC30500DCF22A /* pound-yen-euro-dollar.png */ = {isa = PBXFileReference; lastKnownFileType = image.png; path = "pound-yen-euro-dollar.png"; sourceTree = "<group>"; };
/* End PBXFileReference section */

/* Begin PBXFrameworksBuildPhase section */
		37EDC1071EDCC2B600DCF22A /* Frameworks */ = {
			isa = PBXFrameworksBuildPhase;
			buildActionMask = 2147483647;
			files = (
			);
			runOnlyForDeploymentPostprocessing = 0;
		};
/* End PBXFrameworksBuildPhase section */

/* Begin PBXGroup section */
		37EDC1011EDCC2B600DCF22A = {
			isa = PBXGroup;
			children = (
				37EDC10C1EDCC2B600DCF22A /* CurrencyConverter */,
				37EDC10B1EDCC2B600DCF22A /* Products */,
			);
			sourceTree = "<group>";
		};
		37EDC10B1EDCC2B600DCF22A /* Products */ = {
			isa = PBXGroup;
			children = (
				37EDC10A1EDCC2B600DCF22A /* CurrencyConverter.app */,
			);
			name = Products;
			sourceTree = "<group>";
		};
		37EDC10C1EDCC2B600DCF22A /* CurrencyConverter */ = {
			isa = PBXGroup;
			children = (
				37EDC10D1EDCC2B600DCF22A /* AppDelegate.swift */,
				37EDC10F1EDCC2B600DCF22A /* ViewController.swift */,
				37EDC1111EDCC2B600DCF22A /* Main.storyboard */,
				37EDC1141EDCC2B600DCF22A /* Assets.xcassets */,
				37EDC1161EDCC2B600DCF22A /* LaunchScreen.storyboard */,
				37EDC11F1EDCC30500DCF22A /* pound-yen-euro-dollar.png */,
				37EDC1191EDCC2B600DCF22A /* Info.plist */,
			);
			path = CurrencyConverter;
			sourceTree = "<group>";
		};
/* End PBXGroup section */

/* Begin PBXNativeTarget section */
		37EDC1091EDCC2B600DCF22A /* CurrencyConverter */ = {
			isa = PBXNativeTarget;
			buildConfigurationList = 37EDC11C1EDCC2B600DCF22A /* Build configuration list for PBXNativeTarget "CurrencyConverter" */;
			buildPhases = (
				37EDC1061EDCC2B600DCF22A /* Sources */,
				37EDC1071EDCC2B600DCF22A /* Frameworks */,
				37EDC1081EDCC2B600DCF22A /* Resources */,
			);
			buildRules = (
			);
			dependencies = (
			);
			name = CurrencyConverter;
			productName = CurrencyConverter;
			productReference = 37EDC10A1EDCC2B600DCF22A /* CurrencyConverter.app */;
			productType = "com.apple.product-type.application";
		};
/* End PBXNativeTarget section */

/* Begin PBXProject section */
		37EDC1021EDCC2B600DCF22A /* Project object */ = {
			isa = PBXProject;
			attributes = {
				LastSwiftUpdateCheck = 0830;
				LastUpgradeCheck = 0830;
				ORGANIZATIONNAME = iShinobi;
				TargetAttributes = {
					37EDC1091EDCC2B600DCF22A = {
						CreatedOnToolsVersion = 8.3.2;
						DevelopmentTeam = WZFHSP6QD4;
						ProvisioningStyle = Automatic;
					};
				};
			};
			buildConfigurationList = 37EDC1051EDCC2B600DCF22A /* Build configuration list for PBXProject "CurrencyConverter" */;
			compatibilityVersion = "Xcode 3.2";
			developmentRegion = English;
			hasScannedForEncodings = 0;
			knownRegions = (
				en,
				Base,
			);
			mainGroup = 37EDC1011EDCC2B600DCF22A;
			productRefGroup = 37EDC10B1EDCC2B600DCF22A /* Products */;
			projectDirPath = "";
			projectRoot = "";
			targets = (
				37EDC1091EDCC2B600DCF22A /* CurrencyConverter */,
			);
		};
/* End PBXProject section */

/* Begin PBXResourcesBuildPhase section */
		37EDC1081EDCC2B600DCF22A /* Resources */ = {
			isa = PBXResourcesBuildPhase;
			buildActionMask = 2147483647;
			files = (
				37EDC1181EDCC2B600DCF22A /* LaunchScreen.storyboard in Resources */,
				37EDC1151EDCC2B600DCF22A /* Assets.xcassets in Resources */,
				37EDC1201EDCC30500DCF22A /* pound-yen-euro-dollar.png in Resources */,
				37EDC1131EDCC2B600DCF22A /* Main.storyboard in Resources */,
			);
			runOnlyForDeploymentPostprocessing = 0;
		};
/* End PBXResourcesBuildPhase section */

/* Begin PBXSourcesBuildPhase section */
		37EDC1061EDCC2B600DCF22A /* Sources */ = {
			isa = PBXSourcesBuildPhase;
			buildActionMask = 2147483647;
			files = (
				37EDC1101EDCC2B600DCF22A /* ViewController.swift in Sources */,
				37EDC10E1EDCC2B600DCF22A /* AppDelegate.swift in Sources */,
			);
			runOnlyForDeploymentPostprocessing = 0;
		};
/* End PBXSourcesBuildPhase section */

/* Begin PBXVariantGroup section */
		37EDC1111EDCC2B600DCF22A /* Main.storyboard */ = {
			isa = PBXVariantGroup;
			children = (
				37EDC1121EDCC2B600DCF22A /* Base */,
			);
			name = Main.storyboard;
			sourceTree = "<group>";
		};
		37EDC1161EDCC2B600DCF22A /* LaunchScreen.storyboard */ = {
			isa = PBXVariantGroup;
			children = (
				37EDC1171EDCC2B600DCF22A /* Base */,
			);
			name = LaunchScreen.storyboard;
			sourceTree = "<group>";
		};
/* End PBXVariantGroup section */

/* Begin XCBuildConfiguration section */
		37EDC11A1EDCC2B600DCF22A /* Debug */ = {
			isa = XCBuildConfiguration;
			buildSettings = {
				ALWAYS_SEARCH_USER_PATHS = NO;
				CLANG_ANALYZER_NONNULL = YES;
				CLANG_ANALYZER_NUMBER_OBJECT_CONVERSION = YES_AGGRESSIVE;
				CLANG_CXX_LANGUAGE_STANDARD = "gnu++0x";
				CLANG_CXX_LIBRARY = "libc++";
				CLANG_ENABLE_MODULES = YES;
				CLANG_ENABLE_OBJC_ARC = YES;
				CLANG_WARN_BOOL_CONVERSION = YES;
				CLANG_WARN_CONSTANT_CONVERSION = YES;
				CLANG_WARN_DIRECT_OBJC_ISA_USAGE = YES_ERROR;
				CLANG_WARN_DOCUMENTATION_COMMENTS = YES;
				CLANG_WARN_EMPTY_BODY = YES;
				CLANG_WARN_ENUM_CONVERSION = YES;
				CLANG_WARN_INFINITE_RECURSION = YES;
				CLANG_WARN_INT_CONVERSION = YES;
				CLANG_WARN_OBJC_ROOT_CLASS = YES_ERROR;
				CLANG_WARN_SUSPICIOUS_MOVE = YES;
				CLANG_WARN_UNREACHABLE_CODE = YES;
				CLANG_WARN__DUPLICATE_METHOD_MATCH = YES;
				"CODE_SIGN_IDENTITY[sdk=iphoneos*]" = "iPhone Developer";
				COPY_PHASE_STRIP = NO;
				DEBUG_INFORMATION_FORMAT = dwarf;
				ENABLE_STRICT_OBJC_MSGSEND = YES;
				ENABLE_TESTABILITY = YES;
				GCC_C_LANGUAGE_STANDARD = gnu99;
				GCC_DYNAMIC_NO_PIC = NO;
				GCC_NO_COMMON_BLOCKS = YES;
				GCC_OPTIMIZATION_LEVEL = 0;
				GCC_PREPROCESSOR_DEFINITIONS = (
					"DEBUG=1",
					"$(inherited)",
				);
				GCC_WARN_64_TO_32_BIT_CONVERSION = YES;
				GCC_WARN_ABOUT_RETURN_TYPE = YES_ERROR;
				GCC_WARN_UNDECLARED_SELECTOR = YES;
				GCC_WARN_UNINITIALIZED_AUTOS = YES_AGGRESSIVE;
				GCC_WARN_UNUSED_FUNCTION = YES;
				GCC_WARN_UNUSED_VARIABLE = YES;
				IPHONEOS_DEPLOYMENT_TARGET = 10.3;
				MTL_ENABLE_DEBUG_INFO = YES;
				ONLY_ACTIVE_ARCH = YES;
				SDKROOT = iphoneos;
				SWIFT_ACTIVE_COMPILATION_CONDITIONS = DEBUG;
				SWIFT_OPTIMIZATION_LEVEL = "-Onone";
				TARGETED_DEVICE_FAMILY = "1,2";
			};
			name = Debug;
		};
		37EDC11B1EDCC2B600DCF22A /* Release */ = {
			isa = XCBuildConfiguration;
			buildSettings = {
				ALWAYS_SEARCH_USER_PATHS = NO;
				CLANG_ANALYZER_NONNULL = YES;
				CLANG_ANALYZER_NUMBER_OBJECT_CONVERSION = YES_AGGRESSIVE;
				CLANG_CXX_LANGUAGE_STANDARD = "gnu++0x";
				CLANG_CXX_LIBRARY = "libc++";
				CLANG_ENABLE_MODULES = YES;
				CLANG_ENABLE_OBJC_ARC = YES;
				CLANG_WARN_BOOL_CONVERSION = YES;
				CLANG_WARN_CONSTANT_CONVERSION = YES;
				CLANG_WARN_DIRECT_OBJC_ISA_USAGE = YES_ERROR;
				CLANG_WARN_DOCUMENTATION_COMMENTS = YES;
				CLANG_WARN_EMPTY_BODY = YES;
				CLANG_WARN_ENUM_CONVERSION = YES;
				CLANG_WARN_INFINITE_RECURSION = YES;
				CLANG_WARN_INT_CONVERSION = YES;
				CLANG_WARN_OBJC_ROOT_CLASS = YES_ERROR;
				CLANG_WARN_SUSPICIOUS_MOVE = YES;
				CLANG_WARN_UNREACHABLE_CODE = YES;
				CLANG_WARN__DUPLICATE_METHOD_MATCH = YES;
				"CODE_SIGN_IDENTITY[sdk=iphoneos*]" = "iPhone Developer";
				COPY_PHASE_STRIP = NO;
				DEBUG_INFORMATION_FORMAT = "dwarf-with-dsym";
				ENABLE_NS_ASSERTIONS = NO;
				ENABLE_STRICT_OBJC_MSGSEND = YES;
				GCC_C_LANGUAGE_STANDARD = gnu99;
				GCC_NO_COMMON_BLOCKS = YES;
				GCC_WARN_64_TO_32_BIT_CONVERSION = YES;
				GCC_WARN_ABOUT_RETURN_TYPE = YES_ERROR;
				GCC_WARN_UNDECLARED_SELECTOR = YES;
				GCC_WARN_UNINITIALIZED_AUTOS = YES_AGGRESSIVE;
				GCC_WARN_UNUSED_FUNCTION = YES;
				GCC_WARN_UNUSED_VARIABLE = YES;
				IPHONEOS_DEPLOYMENT_TARGET = 10.3;
				MTL_ENABLE_DEBUG_INFO = NO;
				SDKROOT = iphoneos;
				SWIFT_OPTIMIZATION_LEVEL = "-Owholemodule";
				TARGETED_DEVICE_FAMILY = "1,2";
				VALIDATE_PRODUCT = YES;
			};
			name = Release;
		};
		37EDC11D1EDCC2B600DCF22A /* Debug */ = {
			isa = XCBuildConfiguration;
			buildSettings = {
				ASSETCATALOG_COMPILER_APPICON_NAME = AppIcon;
				DEVELOPMENT_TEAM = WZFHSP6QD4;
				INFOPLIST_FILE = CurrencyConverter/Info.plist;
				LD_RUNPATH_SEARCH_PATHS = "$(inherited) @executable_path/Frameworks";
				PRODUCT_BUNDLE_IDENTIFIER = ninja.pragprog.careerfoundry.CurrencyConverter;
				PRODUCT_NAME = "$(TARGET_NAME)";
				SWIFT_VERSION = 3.0;
			};
			name = Debug;
		};
		37EDC11E1EDCC2B600DCF22A /* Release */ = {
			isa = XCBuildConfiguration;
			buildSettings = {
				ASSETCATALOG_COMPILER_APPICON_NAME = AppIcon;
				DEVELOPMENT_TEAM = WZFHSP6QD4;
				INFOPLIST_FILE = CurrencyConverter/Info.plist;
				LD_RUNPATH_SEARCH_PATHS = "$(inherited) @executable_path/Frameworks";
				PRODUCT_BUNDLE_IDENTIFIER = ninja.pragprog.careerfoundry.CurrencyConverter;
				PRODUCT_NAME = "$(TARGET_NAME)";
				SWIFT_VERSION = 3.0;
			};
			name = Release;
		};
/* End XCBuildConfiguration section */

/* Begin XCConfigurationList section */
		37EDC1051EDCC2B600DCF22A /* Build configuration list for PBXProject "CurrencyConverter" */ = {
			isa = XCConfigurationList;
			buildConfigurations = (
				37EDC11A1EDCC2B600DCF22A /* Debug */,
				37EDC11B1EDCC2B600DCF22A /* Release */,
			);
			defaultConfigurationIsVisible = 0;
			defaultConfigurationName = Release;
		};
		37EDC11C1EDCC2B600DCF22A /* Build configuration list for PBXNativeTarget "CurrencyConverter" */ = {
			isa = XCConfigurationList;
			buildConfigurations = (
				37EDC11D1EDCC2B600DCF22A /* Debug */,
				37EDC11E1EDCC2B600DCF22A /* Release */,
			);
			defaultConfigurationIsVisible = 0;
		};
/* End XCConfigurationList section */
	};
	rootObject = 37EDC1021EDCC2B600DCF22A /* Project object */;
}
